
Microsoft Visual Studio Solution File, Format Version 12.00
# Visual Studio Version 17
VisualStudioVersion = 17.4.33205.214
MinimumVisualStudioVersion = 10.0.40219.1
Project("{8BC9CEB8-8B4A-11D0-8D11-00A0C91BC942}") = "MoveIt", "MoveIt.vcxproj", "{D127C950-48C6-4C7F-8EB0-EBD49F5569FE}"
EndProject
Global
	GlobalSection(SolutionConfigurationPlatforms) = preSolution
		Debug|x64 = Debug|x64
		Debug|x86 = Debug|x86
		Release|x64 = Release|x64
		Release|x86 = Release|x86
	EndGlobalSection
	GlobalSection(ProjectConfigurationPlatforms) = postSolution
		{D127C950-48C6-4C7F-8EB0-EBD49F5569FE}.Debug|x64.ActiveCfg = Debug|x64
		{D127C950-48C6-4C7F-8EB0-EBD49F5569FE}.Debug|x64.Build.0 = Debug|x64
		{D127C950-48C6-4C7F-8EB0-EBD49F5569FE}.Debug|x86.ActiveCfg = Debug|Win32
		{D127C950-48C6-4C7F-8EB0-EBD49F5569FE}.Debug|x86.Build.0 = Debug|Win32
		{D127C950-48C6-4C7F-8EB0-EBD49F5569FE}.Release|x64.ActiveCfg = Release|x64
		{D127C950-48C6-4C7F-8EB0-EBD49F5569FE}.Release|x64.Build.0 = Release|x64
		{D127C950-48C6-4C7F-8EB0-EBD49F5569FE}.Release|x86.ActiveCfg = Release|x64
	EndGlobalSection
	GlobalSection(SolutionProperties) = preSolution
		HideSolutionNode = FALSE
	EndGlobalSection
	GlobalSection(ExtensibilityGlobals) = postSolution
		SolutionGuid = {3F9B40BA-CFF8-49E3-A0F1-53FE7FF515DA}
	EndGlobalSection
EndGlobal
